
Microsoft Visual Studio Solution File, Format Version 12.00
# Visual Studio Version 17
VisualStudioVersion = 17.3.32901.215
MinimumVisualStudioVersion = 10.0.40219.1
Project("{FAE04EC0-301F-11D3-BF4B-00C04F79EFBC}") = "SãoJudas1", "SãoJudas1\SãoJudas1.csproj", "{A8FA9330-F4A0-499E-BD2A-D3EF4CC5EA7B}"
EndProject
Global
	GlobalSection(SolutionConfigurationPlatforms) = preSolution
		Debug|Any CPU = Debug|Any CPU
		Release|Any CPU = Release|Any CPU
	EndGlobalSection
	GlobalSection(ProjectConfigurationPlatforms) = postSolution
		{A8FA9330-F4A0-499E-BD2A-D3EF4CC5EA7B}.Debug|Any CPU.ActiveCfg = Debug|Any CPU
		{A8FA9330-F4A0-499E-BD2A-D3EF4CC5EA7B}.Debug|Any CPU.Build.0 = Debug|Any CPU
		{A8FA9330-F4A0-499E-BD2A-D3EF4CC5EA7B}.Release|Any CPU.ActiveCfg = Release|Any CPU
		{A8FA9330-F4A0-499E-BD2A-D3EF4CC5EA7B}.Release|Any CPU.Build.0 = Release|Any CPU
	EndGlobalSection
	GlobalSection(SolutionProperties) = preSolution
		HideSolutionNode = FALSE
	EndGlobalSection
	GlobalSection(ExtensibilityGlobals) = postSolution
		SolutionGuid = {792D2E2E-91E3-4DBA-9181-06902D705386}
	EndGlobalSection
EndGlobal
